<?xml version="1.0" encoding="utf-8"?>
<Project ToolsVersion="4.0" xmlns="http://schemas.microsoft.com/developer/msbuild/2003">
  <ItemGroup>
    <Filter Include="Source Files">
      <UniqueIdentifier>{4FC737F1-C7A5-4376-A066-2A32D752A2FF}</UniqueIdentifier>
      <Extensions>cpp;c;cc;cxx;def;odl;idl;hpj;bat;asm;asmx</Extensions>
    </Filter>
    <Filter Include="Header Files">
      <UniqueIdentifier>{93995380-89BD-4b04-88EB-625FBE52EBFB}</UniqueIdentifier>
      <Extensions>h;hpp;hxx;hm;inl;inc;xsd</Extensions>
    </Filter>
    <Filter Include="Resource Files">
      <UniqueIdentifier>{67DA6AB6-F800-4c08-8B7A-83BB121AAD01}</UniqueIdentifier>
      <Extensions>rc;ico;cur;bmp;dlg;rc2;rct;bin;rgs;gif;jpg;jpeg;jpe;resx;tiff;tif;png;wav;mfcribbon-ms</Extensions>
    </Filter>
  </ItemGroup>
  <ItemGroup>
    <ClCompile Include="ais_json.c">
      <Filter>Source Files</Filter>
    </ClCompile>
    <ClCompile Include="bits.c">
      <Filter>Source Files</Filter>
    </ClCompile>
    <ClCompile Include="gpsdclient.c">
      <Filter>Source Files</Filter>
    </ClCompile>
    <ClCompile Include="gpsutils.c">
      <Filter>Source Files</Filter>
    </ClCompile>
    <ClCompile Include="json.c">
      <Filter>Source Files</Filter>
    </ClCompile>
    <ClCompile Include="hex.c">
      <Filter>Source Files</Filter>
    </ClCompile>
    <ClCompile Include="libgps_dbus.c">
      <Filter>Source Files</Filter>
    </ClCompile>
    <ClCompile Include="libgps_json.c">
      <Filter>Source Files</Filter>
    </ClCompile>
    <ClCompile Include="libgps_shm.c">
      <Filter>Source Files</Filter>
    </ClCompile>
    <ClCompile Include="libgps_sock.c">
      <Filter>Source Files</Filter>
    </ClCompile>
    <ClCompile Include="libgps_core.c">
      <Filter>Source Files</Filter>
    </ClCompile>
    <ClCompile Include="netlib.c">
      <Filter>Source Files</Filter>
    </ClCompile>
    <ClCompile Include="rtcm2_json.c">
      <Filter>Source Files</Filter>
    </ClCompile>
    <ClCompile Include="shared_json.c">
      <Filter>Source Files</Filter>
    </ClCompile>
    <ClCompile Include="strl.c">
      <Filter>Source Files</Filter>
    </ClCompile>
    <ClCompile Include="gmtime_r.c">
      <Filter>Source Files</Filter>
    </ClCompile>
    <ClCompile Include="startup.c">
      <Filter>Source Files</Filter>
    </ClCompile>
    <ClCompile Include="nonblock.c">
      <Filter>Source Files</Filter>
    </ClCompile>
  </ItemGroup>
  <ItemGroup>
    <ClInclude Include="bits.h">
      <Filter>Header Files</Filter>
    </ClInclude>
    <ClInclude Include="gps.h">
      <Filter>Header Files</Filter>
    </ClInclude>
    <ClInclude Include="libgps.h">
      <Filter>Header Files</Filter>
    </ClInclude>
    <ClInclude Include="gps_json.h">
      <Filter>Header Files</Filter>
    </ClInclude>
    <ClInclude Include="gpsd.h">
      <Filter>Header Files</Filter>
    </ClInclude>
    <ClInclude Include="gpsd_config.h">
      <Filter>Header Files</Filter>
    </ClInclude>
    <ClInclude Include="gpsdclient.h">
      <Filter>Header Files</Filter>
    </ClInclude>
    <ClInclude Include="json.h">
      <Filter>Header Files</Filter>
    </ClInclude>
    <ClInclude Include="sockaddr.h">
      <Filter>Header Files</Filter>
    </ClInclude>
  </ItemGroup>
</Project>